
Microsoft Visual Studio Solution File, Format Version 12.00
# Visual Studio 15
VisualStudioVersion = 15.0.27130.2024
MinimumVisualStudioVersion = 10.0.40219.1
Project("{FAE04EC0-301F-11D3-BF4B-00C04F79EFBC}") = "Smart_home", "Smart_home\Smart_home.csproj", "{BEACE4C2-DA4D-4F75-A0BB-952BA637A4BC}"
EndProject
Global
	GlobalSection(SolutionConfigurationPlatforms) = preSolution
		Debug|Any CPU = Debug|Any CPU
		Release|Any CPU = Release|Any CPU
	EndGlobalSection
	GlobalSection(ProjectConfigurationPlatforms) = postSolution
		{BEACE4C2-DA4D-4F75-A0BB-952BA637A4BC}.Debug|Any CPU.ActiveCfg = Debug|Any CPU
		{BEACE4C2-DA4D-4F75-A0BB-952BA637A4BC}.Debug|Any CPU.Build.0 = Debug|Any CPU
		{BEACE4C2-DA4D-4F75-A0BB-952BA637A4BC}.Release|Any CPU.ActiveCfg = Release|Any CPU
		{BEACE4C2-DA4D-4F75-A0BB-952BA637A4BC}.Release|Any CPU.Build.0 = Release|Any CPU
	EndGlobalSection
	GlobalSection(SolutionProperties) = preSolution
		HideSolutionNode = FALSE
	EndGlobalSection
	GlobalSection(ExtensibilityGlobals) = postSolution
		SolutionGuid = {5E796073-F6BC-4799-8EF9-71EEE2F358F8}
	EndGlobalSection
EndGlobal
